
Microsoft Visual Studio Solution File, Format Version 12.00
# Visual Studio Version 17
VisualStudioVersion = 17.8.34511.84
MinimumVisualStudioVersion = 10.0.40219.1
Project("{FAE04EC0-301F-11D3-BF4B-00C04F79EFBC}") = "Northwind.ODataApi", "Northwind.ODataApi\Northwind.ODataApi.csproj", "{E4111F70-EBED-4292-8E43-3A5EC08B72BB}"
EndProject
Project("{9A19103F-16F7-4668-BE54-9A1E7A4F7556}") = "Northwind.Common.DataContext.SqlServer", "..\Northwind.Common.DataContext.SqlServer\Northwind.Common.DataContext.SqlServer.csproj", "{763F869D-7DDD-4497-ABAB-0AE2E592A473}"
EndProject
Project("{9A19103F-16F7-4668-BE54-9A1E7A4F7556}") = "Northwind.Common.EntityModels.SqlServer", "..\Northwind.Common.EntityModels.SqlServer\Northwind.Common.EntityModels.SqlServer.csproj", "{69802EE4-CC03-48E9-8167-2C8A66A3E747}"
EndProject
Global
	GlobalSection(SolutionConfigurationPlatforms) = preSolution
		Debug|Any CPU = Debug|Any CPU
		Release|Any CPU = Release|Any CPU
	EndGlobalSection
	GlobalSection(ProjectConfigurationPlatforms) = postSolution
		{E4111F70-EBED-4292-8E43-3A5EC08B72BB}.Debug|Any CPU.ActiveCfg = Debug|Any CPU
		{E4111F70-EBED-4292-8E43-3A5EC08B72BB}.Debug|Any CPU.Build.0 = Debug|Any CPU
		{E4111F70-EBED-4292-8E43-3A5EC08B72BB}.Release|Any CPU.ActiveCfg = Release|Any CPU
		{E4111F70-EBED-4292-8E43-3A5EC08B72BB}.Release|Any CPU.Build.0 = Release|Any CPU
		{763F869D-7DDD-4497-ABAB-0AE2E592A473}.Debug|Any CPU.ActiveCfg = Debug|Any CPU
		{763F869D-7DDD-4497-ABAB-0AE2E592A473}.Debug|Any CPU.Build.0 = Debug|Any CPU
		{763F869D-7DDD-4497-ABAB-0AE2E592A473}.Release|Any CPU.ActiveCfg = Release|Any CPU
		{763F869D-7DDD-4497-ABAB-0AE2E592A473}.Release|Any CPU.Build.0 = Release|Any CPU
		{69802EE4-CC03-48E9-8167-2C8A66A3E747}.Debug|Any CPU.ActiveCfg = Debug|Any CPU
		{69802EE4-CC03-48E9-8167-2C8A66A3E747}.Debug|Any CPU.Build.0 = Debug|Any CPU
		{69802EE4-CC03-48E9-8167-2C8A66A3E747}.Release|Any CPU.ActiveCfg = Release|Any CPU
		{69802EE4-CC03-48E9-8167-2C8A66A3E747}.Release|Any CPU.Build.0 = Release|Any CPU
	EndGlobalSection
	GlobalSection(SolutionProperties) = preSolution
		HideSolutionNode = FALSE
	EndGlobalSection
	GlobalSection(ExtensibilityGlobals) = postSolution
		SolutionGuid = {D8B31223-0E10-49A4-85CE-E65E953A28C5}
	EndGlobalSection
EndGlobal
